{
  "originHash" : "f852562eec77b454642bfdebe3c200d206eda7c22fe18c8194fd3b17e4628d0a",
  "pins" : [
    {
      "identity" : "sdk-auth-ios-framework",
      "kind" : "remoteSourceControl",
      "location" : "https://github.com/Wantsa/sdk-auth-ios-framework",
      "state" : {
        "revision" : "09e6b9e0aff22803ba87f1c5197f70cc063bfa02",
        "version" : "1.1.3"
      }
    },
    {
      "identity" : "sdk-cards-ios-framework",
      "kind" : "remoteSourceControl",
      "location" : "https://github.com/mCards/sdk-cards-ios-framework.git",
      "state" : {
        "revision" : "a1e9a9733bc68e2ca432d265474c297eab27fe05",
        "version" : "1.0.0"
      }
    },
    {
      "identity" : "sdk-features-marketplace-ios-framework",
      "kind" : "remoteSourceControl",
      "location" : "https://github.com/mymcard/sdk-features-marketplace-ios-framework.git",
      "state" : {
        "revision" : "9ea25c6017c52b95d3b7a81d385a7b5696c35582",
        "version" : "1.3.2"
      }
    },
    {
      "identity" : "sdk-model-ios-framework",
      "kind" : "remoteSourceControl",
      "location" : "https://github.com/Wantsa/sdk-model-ios-framework",
      "state" : {
        "revision" : "68560b8d709e76fdb83d16350afe360341a2abb7",
        "version" : "1.1.4"
      }
    }
  ],
  "version" : 3
}
